
Microsoft Visual Studio Solution File, Format Version 12.00
# Visual Studio Version 17
VisualStudioVersion = 17.14.36310.24 d17.14
MinimumVisualStudioVersion = 10.0.40219.1
Project("{FAE04EC0-301F-11D3-BF4B-00C04F79EFBC}") = "ProjectClientHub.API", "ProjectClientHub.API\ProjectClientHub.API.csproj", "{2ED99FAD-F00E-4EAD-9963-46EC28588BD2}"
EndProject
Project("{FAE04EC0-301F-11D3-BF4B-00C04F79EFBC}") = "ProjectClientHub.Communication", "ProjectClientHub.Communication\ProjectClientHub.Communication.csproj", "{E669A958-73F3-4AA5-B5B1-816A4A3D9AD0}"
EndProject
Project("{FAE04EC0-301F-11D3-BF4B-00C04F79EFBC}") = "ProjectClientHub.Exceptions", "ProjectClientHub.Exceptions\ProjectClientHub.Exceptions.csproj", "{4D30EDEE-FB63-43AA-89D2-821C1DC1BFBB}"
EndProject
Global
	GlobalSection(SolutionConfigurationPlatforms) = preSolution
		Debug|Any CPU = Debug|Any CPU
		Release|Any CPU = Release|Any CPU
	EndGlobalSection
	GlobalSection(ProjectConfigurationPlatforms) = postSolution
		{2ED99FAD-F00E-4EAD-9963-46EC28588BD2}.Debug|Any CPU.ActiveCfg = Debug|Any CPU
		{2ED99FAD-F00E-4EAD-9963-46EC28588BD2}.Debug|Any CPU.Build.0 = Debug|Any CPU
		{2ED99FAD-F00E-4EAD-9963-46EC28588BD2}.Release|Any CPU.ActiveCfg = Release|Any CPU
		{2ED99FAD-F00E-4EAD-9963-46EC28588BD2}.Release|Any CPU.Build.0 = Release|Any CPU
		{E669A958-73F3-4AA5-B5B1-816A4A3D9AD0}.Debug|Any CPU.ActiveCfg = Debug|Any CPU
		{E669A958-73F3-4AA5-B5B1-816A4A3D9AD0}.Debug|Any CPU.Build.0 = Debug|Any CPU
		{E669A958-73F3-4AA5-B5B1-816A4A3D9AD0}.Release|Any CPU.ActiveCfg = Release|Any CPU
		{E669A958-73F3-4AA5-B5B1-816A4A3D9AD0}.Release|Any CPU.Build.0 = Release|Any CPU
		{4D30EDEE-FB63-43AA-89D2-821C1DC1BFBB}.Debug|Any CPU.ActiveCfg = Debug|Any CPU
		{4D30EDEE-FB63-43AA-89D2-821C1DC1BFBB}.Debug|Any CPU.Build.0 = Debug|Any CPU
		{4D30EDEE-FB63-43AA-89D2-821C1DC1BFBB}.Release|Any CPU.ActiveCfg = Release|Any CPU
		{4D30EDEE-FB63-43AA-89D2-821C1DC1BFBB}.Release|Any CPU.Build.0 = Release|Any CPU
	EndGlobalSection
	GlobalSection(SolutionProperties) = preSolution
		HideSolutionNode = FALSE
	EndGlobalSection
	GlobalSection(ExtensibilityGlobals) = postSolution
		SolutionGuid = {ADDF26BE-29CD-4F7F-9142-3F1656754F3E}
	EndGlobalSection
EndGlobal
